// !$*UTF8*$!
{
	archiveVersion = 1;
	classes = {
	};
	objectVersion = 50;
	objects = {

/* Begin PBXBuildFile section */
		6E91452B240F29860090CBB5 /* AppDelegate.swift in Sources */ = {isa = PBXBuildFile; fileRef = 6E91452A240F29860090CBB5 /* AppDelegate.swift */; };
		6E91452D240F29860090CBB5 /* SceneDelegate.swift in Sources */ = {isa = PBXBuildFile; fileRef = 6E91452C240F29860090CBB5 /* SceneDelegate.swift */; };
		6E91452F240F29860090CBB5 /* ContentView.swift in Sources */ = {isa = PBXBuildFile; fileRef = 6E91452E240F29860090CBB5 /* ContentView.swift */; };
		6E914531240F298A0090CBB5 /* Assets.xcassets in Resources */ = {isa = PBXBuildFile; fileRef = 6E914530240F298A0090CBB5 /* Assets.xcassets */; };
		6E914534240F298A0090CBB5 /* Preview Assets.xcassets in Resources */ = {isa = PBXBuildFile; fileRef = 6E914533240F298A0090CBB5 /* Preview Assets.xcassets */; };
		6E914537240F298A0090CBB5 /* LaunchScreen.storyboard in Resources */ = {isa = PBXBuildFile; fileRef = 6E914535240F298A0090CBB5 /* LaunchScreen.storyboard */; };
		6E91453F240F2AD80090CBB5 /* RaController.swift in Sources */ = {isa = PBXBuildFile; fileRef = 6E91453E240F2AD80090CBB5 /* RaController.swift */; };
		6E914541240F2AF50090CBB5 /* RaVisualizer.swift in Sources */ = {isa = PBXBuildFile; fileRef = 6E914540240F2AF50090CBB5 /* RaVisualizer.swift */; };
		6E91454324116BFE0090CBB5 /* BoxFallings.swift in Sources */ = {isa = PBXBuildFile; fileRef = 6E91454224116BFE0090CBB5 /* BoxFallings.swift */; };
/* End PBXBuildFile section */

/* Begin PBXFileReference section */
		6E914527240F29860090CBB5 /* MixItUp.app */ = {isa = PBXFileReference; explicitFileType = wrapper.application; includeInIndex = 0; path = MixItUp.app; sourceTree = BUILT_PRODUCTS_DIR; };
		6E91452A240F29860090CBB5 /* AppDelegate.swift */ = {isa = PBXFileReference; lastKnownFileType = sourcecode.swift; path = AppDelegate.swift; sourceTree = "<group>"; };
		6E91452C240F29860090CBB5 /* SceneDelegate.swift */ = {isa = PBXFileReference; lastKnownFileType = sourcecode.swift; path = SceneDelegate.swift; sourceTree = "<group>"; };
		6E91452E240F29860090CBB5 /* ContentView.swift */ = {isa = PBXFileReference; lastKnownFileType = sourcecode.swift; path = ContentView.swift; sourceTree = "<group>"; };
		6E914530240F298A0090CBB5 /* Assets.xcassets */ = {isa = PBXFileReference; lastKnownFileType = folder.assetcatalog; path = Assets.xcassets; sourceTree = "<group>"; };
		6E914533240F298A0090CBB5 /* Preview Assets.xcassets */ = {isa = PBXFileReference; lastKnownFileType = folder.assetcatalog; path = "Preview Assets.xcassets"; sourceTree = "<group>"; };
		6E914536240F298A0090CBB5 /* Base */ = {isa = PBXFileReference; lastKnownFileType = file.storyboard; name = Base; path = Base.lproj/LaunchScreen.storyboard; sourceTree = "<group>"; };
		6E914538240F298A0090CBB5 /* Info.plist */ = {isa = PBXFileReference; lastKnownFileType = text.plist.xml; path = Info.plist; sourceTree = "<group>"; };
		6E91453E240F2AD80090CBB5 /* RaController.swift */ = {isa = PBXFileReference; lastKnownFileType = sourcecode.swift; path = RaController.swift; sourceTree = "<group>"; };
		6E914540240F2AF50090CBB5 /* RaVisualizer.swift */ = {isa = PBXFileReference; lastKnownFileType = sourcecode.swift; path = RaVisualizer.swift; sourceTree = "<group>"; };
		6E91454224116BFE0090CBB5 /* BoxFallings.swift */ = {isa = PBXFileReference; lastKnownFileType = sourcecode.swift; path = BoxFallings.swift; sourceTree = "<group>"; };
/* End PBXFileReference section */

/* Begin PBXFrameworksBuildPhase section */
		6E914524240F29860090CBB5 /* Frameworks */ = {
			isa = PBXFrameworksBuildPhase;
			buildActionMask = 2147483647;
			files = (
			);
			runOnlyForDeploymentPostprocessing = 0;
		};
/* End PBXFrameworksBuildPhase section */

/* Begin PBXGroup section */
		6E91451E240F29860090CBB5 = {
			isa = PBXGroup;
			children = (
				6E914529240F29860090CBB5 /* MixItUp */,
				6E914528240F29860090CBB5 /* Products */,
			);
			sourceTree = "<group>";
		};
		6E914528240F29860090CBB5 /* Products */ = {
			isa = PBXGroup;
			children = (
				6E914527240F29860090CBB5 /* MixItUp.app */,
			);
			name = Products;
			sourceTree = "<group>";
		};
		6E914529240F29860090CBB5 /* MixItUp */ = {
			isa = PBXGroup;
			children = (
				6E91453E240F2AD80090CBB5 /* RaController.swift */,
				6E914540240F2AF50090CBB5 /* RaVisualizer.swift */,
				6E91452A240F29860090CBB5 /* AppDelegate.swift */,
				6E91452C240F29860090CBB5 /* SceneDelegate.swift */,
				6E91452E240F29860090CBB5 /* ContentView.swift */,
				6E914530240F298A0090CBB5 /* Assets.xcassets */,
				6E914535240F298A0090CBB5 /* LaunchScreen.storyboard */,
				6E914538240F298A0090CBB5 /* Info.plist */,
				6E91454224116BFE0090CBB5 /* BoxFallings.swift */,
				6E914532240F298A0090CBB5 /* Preview Content */,
			);
			path = MixItUp;
			sourceTree = "<group>";
		};
		6E914532240F298A0090CBB5 /* Preview Content */ = {
			isa = PBXGroup;
			children = (
				6E914533240F298A0090CBB5 /* Preview Assets.xcassets */,
			);
			path = "Preview Content";
			sourceTree = "<group>";
		};
/* End PBXGroup section */

/* Begin PBXNativeTarget section */
		6E914526240F29860090CBB5 /* MixItUp */ = {
			isa = PBXNativeTarget;
			buildConfigurationList = 6E91453B240F298A0090CBB5 /* Build configuration list for PBXNativeTarget "MixItUp" */;
			buildPhases = (
				6E914523240F29860090CBB5 /* Sources */,
				6E914524240F29860090CBB5 /* Frameworks */,
				6E914525240F29860090CBB5 /* Resources */,
			);
			buildRules = (
			);
			dependencies = (
			);
			name = MixItUp;
			productName = MixItUp;
			productReference = 6E914527240F29860090CBB5 /* MixItUp.app */;
			productType = "com.apple.product-type.application";
		};
/* End PBXNativeTarget section */

/* Begin PBXProject section */
		6E91451F240F29860090CBB5 /* Project object */ = {
			isa = PBXProject;
			attributes = {
				LastSwiftUpdateCheck = 1130;
				LastUpgradeCheck = 1130;
				ORGANIZATIONNAME = khensuraloveel;
				TargetAttributes = {
					6E914526240F29860090CBB5 = {
						CreatedOnToolsVersion = 11.3.1;
					};
				};
			};
			buildConfigurationList = 6E914522240F29860090CBB5 /* Build configuration list for PBXProject "MixItUp" */;
			compatibilityVersion = "Xcode 9.3";
			developmentRegion = en;
			hasScannedForEncodings = 0;
			knownRegions = (
				en,
				Base,
			);
			mainGroup = 6E91451E240F29860090CBB5;
			productRefGroup = 6E914528240F29860090CBB5 /* Products */;
			projectDirPath = "";
			projectRoot = "";
			targets = (
				6E914526240F29860090CBB5 /* MixItUp */,
			);
		};
/* End PBXProject section */

/* Begin PBXResourcesBuildPhase section */
		6E914525240F29860090CBB5 /* Resources */ = {
			isa = PBXResourcesBuildPhase;
			buildActionMask = 2147483647;
			files = (
				6E914537240F298A0090CBB5 /* LaunchScreen.storyboard in Resources */,
				6E914534240F298A0090CBB5 /* Preview Assets.xcassets in Resources */,
				6E914531240F298A0090CBB5 /* Assets.xcassets in Resources */,
			);
			runOnlyForDeploymentPostprocessing = 0;
		};
/* End PBXResourcesBuildPhase section */

/* Begin PBXSourcesBuildPhase section */
		6E914523240F29860090CBB5 /* Sources */ = {
			isa = PBXSourcesBuildPhase;
			buildActionMask = 2147483647;
			files = (
				6E91453F240F2AD80090CBB5 /* RaController.swift in Sources */,
				6E91452B240F29860090CBB5 /* AppDelegate.swift in Sources */,
				6E914541240F2AF50090CBB5 /* RaVisualizer.swift in Sources */,
				6E91452D240F29860090CBB5 /* SceneDelegate.swift in Sources */,
				6E91452F240F29860090CBB5 /* ContentView.swift in Sources */,
				6E91454324116BFE0090CBB5 /* BoxFallings.swift in Sources */,
			);
			runOnlyForDeploymentPostprocessing = 0;
		};
/* End PBXSourcesBuildPhase section */

/* Begin PBXVariantGroup section */
		6E914535240F298A0090CBB5 /* LaunchScreen.storyboard */ = {
			isa = PBXVariantGroup;
			children = (
				6E914536240F298A0090CBB5 /* Base */,
			);
			name = LaunchScreen.storyboard;
			sourceTree = "<group>";
		};
/* End PBXVariantGroup section */

/* Begin XCBuildConfiguration section */
		6E914539240F298A0090CBB5 /* Debug */ = {
			isa = XCBuildConfiguration;
			buildSettings = {
				ALWAYS_SEARCH_USER_PATHS = NO;
				CLANG_ANALYZER_NONNULL = YES;
				CLANG_ANALYZER_NUMBER_OBJECT_CONVERSION = YES_AGGRESSIVE;
				CLANG_CXX_LANGUAGE_STANDARD = "gnu++14";
				CLANG_CXX_LIBRARY = "libc++";
				CLANG_ENABLE_MODULES = YES;
				CLANG_ENABLE_OBJC_ARC = YES;
				CLANG_ENABLE_OBJC_WEAK = YES;
				CLANG_WARN_BLOCK_CAPTURE_AUTORELEASING = YES;
				CLANG_WARN_BOOL_CONVERSION = YES;
				CLANG_WARN_COMMA = YES;
				CLANG_WARN_CONSTANT_CONVERSION = YES;
				CLANG_WARN_DEPRECATED_OBJC_IMPLEMENTATIONS = YES;
				CLANG_WARN_DIRECT_OBJC_ISA_USAGE = YES_ERROR;
				CLANG_WARN_DOCUMENTATION_COMMENTS = YES;
				CLANG_WARN_EMPTY_BODY = YES;
				CLANG_WARN_ENUM_CONVERSION = YES;
				CLANG_WARN_INFINITE_RECURSION = YES;
				CLANG_WARN_INT_CONVERSION = YES;
				CLANG_WARN_NON_LITERAL_NULL_CONVERSION = YES;
				CLANG_WARN_OBJC_IMPLICIT_RETAIN_SELF = YES;
				CLANG_WARN_OBJC_LITERAL_CONVERSION = YES;
				CLANG_WARN_OBJC_ROOT_CLASS = YES_ERROR;
				CLANG_WARN_RANGE_LOOP_ANALYSIS = YES;
				CLANG_WARN_STRICT_PROTOTYPES = YES;
				CLANG_WARN_SUSPICIOUS_MOVE = YES;
				CLANG_WARN_UNGUARDED_AVAILABILITY = YES_AGGRESSIVE;
				CLANG_WARN_UNREACHABLE_CODE = YES;
				CLANG_WARN__DUPLICATE_METHOD_MATCH = YES;
				COPY_PHASE_STRIP = NO;
				DEBUG_INFORMATION_FORMAT = dwarf;
				ENABLE_STRICT_OBJC_MSGSEND = YES;
				ENABLE_TESTABILITY = YES;
				GCC_C_LANGUAGE_STANDARD = gnu11;
				GCC_DYNAMIC_NO_PIC = NO;
				GCC_NO_COMMON_BLOCKS = YES;
				GCC_OPTIMIZATION_LEVEL = 0;
				GCC_PREPROCESSOR_DEFINITIONS = (
					"DEBUG=1",
					"$(inherited)",
				);
				GCC_WARN_64_TO_32_BIT_CONVERSION = YES;
				GCC_WARN_ABOUT_RETURN_TYPE = YES_ERROR;
				GCC_WARN_UNDECLARED_SELECTOR = YES;
				GCC_WARN_UNINITIALIZED_AUTOS = YES_AGGRESSIVE;
				GCC_WARN_UNUSED_FUNCTION = YES;
				GCC_WARN_UNUSED_VARIABLE = YES;
				IPHONEOS_DEPLOYMENT_TARGET = 13.2;
				MTL_ENABLE_DEBUG_INFO = INCLUDE_SOURCE;
				MTL_FAST_MATH = YES;
				ONLY_ACTIVE_ARCH = YES;
				SDKROOT = iphoneos;
				SWIFT_ACTIVE_COMPILATION_CONDITIONS = DEBUG;
				SWIFT_OPTIMIZATION_LEVEL = "-Onone";
			};
			name = Debug;
		};
		6E91453A240F298A0090CBB5 /* Release */ = {
			isa = XCBuildConfiguration;
			buildSettings = {
				ALWAYS_SEARCH_USER_PATHS = NO;
				CLANG_ANALYZER_NONNULL = YES;
				CLANG_ANALYZER_NUMBER_OBJECT_CONVERSION = YES_AGGRESSIVE;
				CLANG_CXX_LANGUAGE_STANDARD = "gnu++14";
				CLANG_CXX_LIBRARY = "libc++";
				CLANG_ENABLE_MODULES = YES;
				CLANG_ENABLE_OBJC_ARC = YES;
				CLANG_ENABLE_OBJC_WEAK = YES;
				CLANG_WARN_BLOCK_CAPTURE_AUTORELEASING = YES;
				CLANG_WARN_BOOL_CONVERSION = YES;
				CLANG_WARN_COMMA = YES;
				CLANG_WARN_CONSTANT_CONVERSION = YES;
				CLANG_WARN_DEPRECATED_OBJC_IMPLEMENTATIONS = YES;
				CLANG_WARN_DIRECT_OBJC_ISA_USAGE = YES_ERROR;
				CLANG_WARN_DOCUMENTATION_COMMENTS = YES;
				CLANG_WARN_EMPTY_BODY = YES;
				CLANG_WARN_ENUM_CONVERSION = YES;
				CLANG_WARN_INFINITE_RECURSION = YES;
				CLANG_WARN_INT_CONVERSION = YES;
				CLANG_WARN_NON_LITERAL_NULL_CONVERSION = YES;
				CLANG_WARN_OBJC_IMPLICIT_RETAIN_SELF = YES;
				CLANG_WARN_OBJC_LITERAL_CONVERSION = YES;
				CLANG_WARN_OBJC_ROOT_CLASS = YES_ERROR;
				CLANG_WARN_RANGE_LOOP_ANALYSIS = YES;
				CLANG_WARN_STRICT_PROTOTYPES = YES;
				CLANG_WARN_SUSPICIOUS_MOVE = YES;
				CLANG_WARN_UNGUARDED_AVAILABILITY = YES_AGGRESSIVE;
				CLANG_WARN_UNREACHABLE_CODE = YES;
				CLANG_WARN__DUPLICATE_METHOD_MATCH = YES;
				COPY_PHASE_STRIP = NO;
				DEBUG_INFORMATION_FORMAT = "dwarf-with-dsym";
				ENABLE_NS_ASSERTIONS = NO;
				ENABLE_STRICT_OBJC_MSGSEND = YES;
				GCC_C_LANGUAGE_STANDARD = gnu11;
				GCC_NO_COMMON_BLOCKS = YES;
				GCC_WARN_64_TO_32_BIT_CONVERSION = YES;
				GCC_WARN_ABOUT_RETURN_TYPE = YES_ERROR;
				GCC_WARN_UNDECLARED_SELECTOR = YES;
				GCC_WARN_UNINITIALIZED_AUTOS = YES_AGGRESSIVE;
				GCC_WARN_UNUSED_FUNCTION = YES;
				GCC_WARN_UNUSED_VARIABLE = YES;
				IPHONEOS_DEPLOYMENT_TARGET = 13.2;
				MTL_ENABLE_DEBUG_INFO = NO;
				MTL_FAST_MATH = YES;
				SDKROOT = iphoneos;
				SWIFT_COMPILATION_MODE = wholemodule;
				SWIFT_OPTIMIZATION_LEVEL = "-O";
				VALIDATE_PRODUCT = YES;
			};
			name = Release;
		};
		6E91453C240F298A0090CBB5 /* Debug */ = {
			isa = XCBuildConfiguration;
			buildSettings = {
				ASSETCATALOG_COMPILER_APPICON_NAME = AppIcon;
				CODE_SIGN_STYLE = Automatic;
				DEVELOPMENT_ASSET_PATHS = "\"MixItUp/Preview Content\"";
				DEVELOPMENT_TEAM = FAGWR3VRS6;
				ENABLE_PREVIEWS = YES;
				INFOPLIST_FILE = MixItUp/Info.plist;
				LD_RUNPATH_SEARCH_PATHS = (
					"$(inherited)",
					"@executable_path/Frameworks",
				);
				PRODUCT_BUNDLE_IDENTIFIER = com.khensuraloveel.MixItUp;
				PRODUCT_NAME = "$(TARGET_NAME)";
				SWIFT_VERSION = 5.0;
				TARGETED_DEVICE_FAMILY = "1,2";
			};
			name = Debug;
		};
		6E91453D240F298A0090CBB5 /* Release */ = {
			isa = XCBuildConfiguration;
			buildSettings = {
				ASSETCATALOG_COMPILER_APPICON_NAME = AppIcon;
				CODE_SIGN_STYLE = Automatic;
				DEVELOPMENT_ASSET_PATHS = "\"MixItUp/Preview Content\"";
				DEVELOPMENT_TEAM = FAGWR3VRS6;
				ENABLE_PREVIEWS = YES;
				INFOPLIST_FILE = MixItUp/Info.plist;
				LD_RUNPATH_SEARCH_PATHS = (
					"$(inherited)",
					"@executable_path/Frameworks",
				);
				PRODUCT_BUNDLE_IDENTIFIER = com.khensuraloveel.MixItUp;
				PRODUCT_NAME = "$(TARGET_NAME)";
				SWIFT_VERSION = 5.0;
				TARGETED_DEVICE_FAMILY = "1,2";
			};
			name = Release;
		};
/* End XCBuildConfiguration section */

/* Begin XCConfigurationList section */
		6E914522240F29860090CBB5 /* Build configuration list for PBXProject "MixItUp" */ = {
			isa = XCConfigurationList;
			buildConfigurations = (
				6E914539240F298A0090CBB5 /* Debug */,
				6E91453A240F298A0090CBB5 /* Release */,
			);
			defaultConfigurationIsVisible = 0;
			defaultConfigurationName = Release;
		};
		6E91453B240F298A0090CBB5 /* Build configuration list for PBXNativeTarget "MixItUp" */ = {
			isa = XCConfigurationList;
			buildConfigurations = (
				6E91453C240F298A0090CBB5 /* Debug */,
				6E91453D240F298A0090CBB5 /* Release */,
			);
			defaultConfigurationIsVisible = 0;
			defaultConfigurationName = Release;
		};
/* End XCConfigurationList section */
	};
	rootObject = 6E91451F240F29860090CBB5 /* Project object */;
}
